# This file is autogenerated, do not edit; changes may be undone by the next 'dep ensure'.


[[projects]]
  name = "github.com/go-chi/chi"
  packages = ["."]
  revision = "e83ac2304db3c50cf03d96a2fcd39009d458bc35"
  version = "v3.3.2"

[solve-meta]
  analyzer-name = "dep"
  analyzer-version = 1
  inputs-digest = "d8847b13dd6bae15bd8d420b8823661fa2dd770ba6b97df25a032ddc0eb1343e"
  solver-name = "gps-cdcl"
  solver-version = 1
